Microsoft Visual Studio Solution File, Format Version 12.00
# Visual Studio Version 18
VisualStudioVersion = 18.3.11512.155 d18.3
MinimumVisualStudioVersion = 10.0.40219.1
Project("{FAE04EC0-301F-11D3-BF4B-00C04F79EFBC}") = "PCL.Core", "PCL.Core\PCL.Core.csproj", "{A0C2209D-64FB-4C11-9459-8E86304B6F94}"
EndProject
Project("{FAE04EC0-301F-11D3-BF4B-00C04F79EFBC}") = "PCL.Core.SourceGenerators", "PCL.Core.SourceGenerators\PCL.Core.SourceGenerators.csproj", "{B2C3D4E5-F6A7-4B8C-9D0E-1F2A3B4C5D6E}"
EndProject
Project("{FAE04EC0-301F-11D3-BF4B-00C04F79EFBC}") = "PCL.Core.Test", "PCL.Core.Test\PCL.Core.Test.csproj", "{C3D4E5F6-A7B8-4C9D-0E1F-2A3B4C5D6E7F}"
EndProject
Project("{FAE04EC0-301F-11D3-BF4B-00C04F79EFBC}") = "Plain Craft Launcher 2", "Plain Craft Launcher 2\Plain Craft Launcher 2.csproj", "{66C177CC-7491-02FF-9D72-F1323FF94B2A}"
EndProject
Global
	GlobalSection(SolutionConfigurationPlatforms) = preSolution
		Beta|Any CPU = Beta|Any CPU
		Beta|ARM64 = Beta|ARM64
		Beta|x64 = Beta|x64
		CI|Any CPU = CI|Any CPU
		CI|ARM64 = CI|ARM64
		CI|x64 = CI|x64
		Debug|Any CPU = Debug|Any CPU
		Debug|ARM64 = Debug|ARM64
		Debug|x64 = Debug|x64
		Release|Any CPU = Release|Any CPU
		Release|ARM64 = Release|ARM64
		Release|x64 = Release|x64
	EndGlobalSection
	GlobalSection(ProjectConfigurationPlatforms) = postSolution
		{A0C2209D-64FB-4C11-9459-8E86304B6F94}.Beta|Any CPU.ActiveCfg = Beta|Any CPU
		{A0C2209D-64FB-4C11-9459-8E86304B6F94}.Beta|Any CPU.Build.0 = Beta|Any CPU
		{A0C2209D-64FB-4C11-9459-8E86304B6F94}.Beta|ARM64.ActiveCfg = Beta|ARM64
		{A0C2209D-64FB-4C11-9459-8E86304B6F94}.Beta|ARM64.Build.0 = Beta|ARM64
		{A0C2209D-64FB-4C11-9459-8E86304B6F94}.Beta|x64.ActiveCfg = Beta|x64
		{A0C2209D-64FB-4C11-9459-8E86304B6F94}.Beta|x64.Build.0 = Beta|x64
		{A0C2209D-64FB-4C11-9459-8E86304B6F94}.CI|Any CPU.ActiveCfg = CI|Any CPU
		{A0C2209D-64FB-4C11-9459-8E86304B6F94}.CI|Any CPU.Build.0 = CI|Any CPU
		{A0C2209D-64FB-4C11-9459-8E86304B6F94}.CI|ARM64.ActiveCfg = CI|ARM64
		{A0C2209D-64FB-4C11-9459-8E86304B6F94}.CI|ARM64.Build.0 = CI|ARM64
		{A0C2209D-64FB-4C11-9459-8E86304B6F94}.CI|x64.ActiveCfg = CI|x64
		{A0C2209D-64FB-4C11-9459-8E86304B6F94}.CI|x64.Build.0 = CI|x64
		{A0C2209D-64FB-4C11-9459-8E86304B6F94}.Debug|Any CPU.ActiveCfg = Debug|Any CPU
		{A0C2209D-64FB-4C11-9459-8E86304B6F94}.Debug|Any CPU.Build.0 = Debug|Any CPU
		{A0C2209D-64FB-4C11-9459-8E86304B6F94}.Debug|ARM64.ActiveCfg = Debug|ARM64
		{A0C2209D-64FB-4C11-9459-8E86304B6F94}.Debug|ARM64.Build.0 = Debug|ARM64
		{A0C2209D-64FB-4C11-9459-8E86304B6F94}.Debug|x64.ActiveCfg = Debug|x64
		{A0C2209D-64FB-4C11-9459-8E86304B6F94}.Debug|x64.Build.0 = Debug|x64
		{A0C2209D-64FB-4C11-9459-8E86304B6F94}.Release|Any CPU.ActiveCfg = Release|Any CPU
		{A0C2209D-64FB-4C11-9459-8E86304B6F94}.Release|Any CPU.Build.0 = Release|Any CPU
		{A0C2209D-64FB-4C11-9459-8E86304B6F94}.Release|ARM64.ActiveCfg = Release|ARM64
		{A0C2209D-64FB-4C11-9459-8E86304B6F94}.Release|ARM64.Build.0 = Release|ARM64
		{A0C2209D-64FB-4C11-9459-8E86304B6F94}.Release|x64.ActiveCfg = Release|x64
		{A0C2209D-64FB-4C11-9459-8E86304B6F94}.Release|x64.Build.0 = Release|x64
		{B2C3D4E5-F6A7-4B8C-9D0E-1F2A3B4C5D6E}.Beta|Any CPU.ActiveCfg = Beta|Any CPU
		{B2C3D4E5-F6A7-4B8C-9D0E-1F2A3B4C5D6E}.Beta|Any CPU.Build.0 = Beta|Any CPU
		{B2C3D4E5-F6A7-4B8C-9D0E-1F2A3B4C5D6E}.Beta|ARM64.ActiveCfg = Beta|ARM64
		{B2C3D4E5-F6A7-4B8C-9D0E-1F2A3B4C5D6E}.Beta|ARM64.Build.0 = Beta|ARM64
		{B2C3D4E5-F6A7-4B8C-9D0E-1F2A3B4C5D6E}.Beta|x64.ActiveCfg = Beta|x64
		{B2C3D4E5-F6A7-4B8C-9D0E-1F2A3B4C5D6E}.Beta|x64.Build.0 = Beta|x64
		{B2C3D4E5-F6A7-4B8C-9D0E-1F2A3B4C5D6E}.CI|Any CPU.ActiveCfg = CI|Any CPU
		{B2C3D4E5-F6A7-4B8C-9D0E-1F2A3B4C5D6E}.CI|Any CPU.Build.0 = CI|Any CPU
		{B2C3D4E5-F6A7-4B8C-9D0E-1F2A3B4C5D6E}.CI|ARM64.ActiveCfg = CI|ARM64
		{B2C3D4E5-F6A7-4B8C-9D0E-1F2A3B4C5D6E}.CI|ARM64.Build.0 = CI|ARM64
		{B2C3D4E5-F6A7-4B8C-9D0E-1F2A3B4C5D6E}.CI|x64.ActiveCfg = CI|x64
		{B2C3D4E5-F6A7-4B8C-9D0E-1F2A3B4C5D6E}.CI|x64.Build.0 = CI|x64
		{B2C3D4E5-F6A7-4B8C-9D0E-1F2A3B4C5D6E}.Debug|Any CPU.ActiveCfg = Debug|Any CPU
		{B2C3D4E5-F6A7-4B8C-9D0E-1F2A3B4C5D6E}.Debug|Any CPU.Build.0 = Debug|Any CPU
		{B2C3D4E5-F6A7-4B8C-9D0E-1F2A3B4C5D6E}.Debug|ARM64.ActiveCfg = Debug|ARM64
		{B2C3D4E5-F6A7-4B8C-9D0E-1F2A3B4C5D6E}.Debug|ARM64.Build.0 = Debug|ARM64
		{B2C3D4E5-F6A7-4B8C-9D0E-1F2A3B4C5D6E}.Debug|x64.ActiveCfg = Debug|x64
		{B2C3D4E5-F6A7-4B8C-9D0E-1F2A3B4C5D6E}.Debug|x64.Build.0 = Debug|x64
		{B2C3D4E5-F6A7-4B8C-9D0E-1F2A3B4C5D6E}.Release|Any CPU.ActiveCfg = Release|Any CPU
		{B2C3D4E5-F6A7-4B8C-9D0E-1F2A3B4C5D6E}.Release|Any CPU.Build.0 = Release|Any CPU
		{B2C3D4E5-F6A7-4B8C-9D0E-1F2A3B4C5D6E}.Release|ARM64.ActiveCfg = Release|ARM64
		{B2C3D4E5-F6A7-4B8C-9D0E-1F2A3B4C5D6E}.Release|ARM64.Build.0 = Release|ARM64
		{B2C3D4E5-F6A7-4B8C-9D0E-1F2A3B4C5D6E}.Release|x64.ActiveCfg = Release|x64
		{B2C3D4E5-F6A7-4B8C-9D0E-1F2A3B4C5D6E}.Release|x64.Build.0 = Release|x64
		{C3D4E5F6-A7B8-4C9D-0E1F-2A3B4C5D6E7F}.Beta|Any CPU.ActiveCfg = Beta|Any CPU
		{C3D4E5F6-A7B8-4C9D-0E1F-2A3B4C5D6E7F}.Beta|Any CPU.Build.0 = Beta|Any CPU
		{C3D4E5F6-A7B8-4C9D-0E1F-2A3B4C5D6E7F}.Beta|ARM64.ActiveCfg = Beta|ARM64
		{C3D4E5F6-A7B8-4C9D-0E1F-2A3B4C5D6E7F}.Beta|ARM64.Build.0 = Beta|ARM64
		{C3D4E5F6-A7B8-4C9D-0E1F-2A3B4C5D6E7F}.Beta|x64.ActiveCfg = Beta|x64
		{C3D4E5F6-A7B8-4C9D-0E1F-2A3B4C5D6E7F}.Beta|x64.Build.0 = Beta|x64
		{C3D4E5F6-A7B8-4C9D-0E1F-2A3B4C5D6E7F}.CI|Any CPU.ActiveCfg = CI|Any CPU
		{C3D4E5F6-A7B8-4C9D-0E1F-2A3B4C5D6E7F}.CI|Any CPU.Build.0 = CI|Any CPU
		{C3D4E5F6-A7B8-4C9D-0E1F-2A3B4C5D6E7F}.CI|ARM64.ActiveCfg = CI|ARM64
		{C3D4E5F6-A7B8-4C9D-0E1F-2A3B4C5D6E7F}.CI|ARM64.Build.0 = CI|ARM64
		{C3D4E5F6-A7B8-4C9D-0E1F-2A3B4C5D6E7F}.CI|x64.ActiveCfg = CI|x64
		{C3D4E5F6-A7B8-4C9D-0E1F-2A3B4C5D6E7F}.CI|x64.Build.0 = CI|x64
		{C3D4E5F6-A7B8-4C9D-0E1F-2A3B4C5D6E7F}.Debug|Any CPU.ActiveCfg = Debug|Any CPU
		{C3D4E5F6-A7B8-4C9D-0E1F-2A3B4C5D6E7F}.Debug|Any CPU.Build.0 = Debug|Any CPU
		{C3D4E5F6-A7B8-4C9D-0E1F-2A3B4C5D6E7F}.Debug|ARM64.ActiveCfg = Debug|ARM64
		{C3D4E5F6-A7B8-4C9D-0E1F-2A3B4C5D6E7F}.Debug|ARM64.Build.0 = Debug|ARM64
		{C3D4E5F6-A7B8-4C9D-0E1F-2A3B4C5D6E7F}.Debug|x64.ActiveCfg = Debug|x64
		{C3D4E5F6-A7B8-4C9D-0E1F-2A3B4C5D6E7F}.Debug|x64.Build.0 = Debug|x64
		{C3D4E5F6-A7B8-4C9D-0E1F-2A3B4C5D6E7F}.Release|Any CPU.ActiveCfg = Release|Any CPU
		{C3D4E5F6-A7B8-4C9D-0E1F-2A3B4C5D6E7F}.Release|Any CPU.Build.0 = Release|Any CPU
		{C3D4E5F6-A7B8-4C9D-0E1F-2A3B4C5D6E7F}.Release|ARM64.ActiveCfg = Release|ARM64
		{C3D4E5F6-A7B8-4C9D-0E1F-2A3B4C5D6E7F}.Release|ARM64.Build.0 = Release|ARM64
		{C3D4E5F6-A7B8-4C9D-0E1F-2A3B4C5D6E7F}.Release|x64.ActiveCfg = Release|x64
		{C3D4E5F6-A7B8-4C9D-0E1F-2A3B4C5D6E7F}.Release|x64.Build.0 = Release|x64
		{66C177CC-7491-02FF-9D72-F1323FF94B2A}.Beta|Any CPU.ActiveCfg = Beta|Any CPU
		{66C177CC-7491-02FF-9D72-F1323FF94B2A}.Beta|Any CPU.Build.0 = Beta|Any CPU
		{66C177CC-7491-02FF-9D72-F1323FF94B2A}.Beta|ARM64.ActiveCfg = Beta|ARM64
		{66C177CC-7491-02FF-9D72-F1323FF94B2A}.Beta|ARM64.Build.0 = Beta|ARM64
		{66C177CC-7491-02FF-9D72-F1323FF94B2A}.Beta|x64.ActiveCfg = Beta|x64
		{66C177CC-7491-02FF-9D72-F1323FF94B2A}.Beta|x64.Build.0 = Beta|x64
		{66C177CC-7491-02FF-9D72-F1323FF94B2A}.CI|Any CPU.ActiveCfg = CI|Any CPU
		{66C177CC-7491-02FF-9D72-F1323FF94B2A}.CI|Any CPU.Build.0 = CI|Any CPU
		{66C177CC-7491-02FF-9D72-F1323FF94B2A}.CI|ARM64.ActiveCfg = CI|ARM64
		{66C177CC-7491-02FF-9D72-F1323FF94B2A}.CI|ARM64.Build.0 = CI|ARM64
		{66C177CC-7491-02FF-9D72-F1323FF94B2A}.CI|x64.ActiveCfg = CI|x64
		{66C177CC-7491-02FF-9D72-F1323FF94B2A}.CI|x64.Build.0 = CI|x64
		{66C177CC-7491-02FF-9D72-F1323FF94B2A}.Debug|Any CPU.ActiveCfg = Debug|Any CPU
		{66C177CC-7491-02FF-9D72-F1323FF94B2A}.Debug|Any CPU.Build.0 = Debug|Any CPU
		{66C177CC-7491-02FF-9D72-F1323FF94B2A}.Debug|ARM64.ActiveCfg = Debug|ARM64
		{66C177CC-7491-02FF-9D72-F1323FF94B2A}.Debug|ARM64.Build.0 = Debug|ARM64
		{66C177CC-7491-02FF-9D72-F1323FF94B2A}.Debug|x64.ActiveCfg = Debug|x64
		{66C177CC-7491-02FF-9D72-F1323FF94B2A}.Debug|x64.Build.0 = Debug|x64
		{66C177CC-7491-02FF-9D72-F1323FF94B2A}.Release|Any CPU.ActiveCfg = Release|Any CPU
		{66C177CC-7491-02FF-9D72-F1323FF94B2A}.Release|Any CPU.Build.0 = Release|Any CPU
		{66C177CC-7491-02FF-9D72-F1323FF94B2A}.Release|ARM64.ActiveCfg = Release|ARM64
		{66C177CC-7491-02FF-9D72-F1323FF94B2A}.Release|ARM64.Build.0 = Release|ARM64
		{66C177CC-7491-02FF-9D72-F1323FF94B2A}.Release|x64.ActiveCfg = Release|x64
		{66C177CC-7491-02FF-9D72-F1323FF94B2A}.Release|x64.Build.0 = Release|x64
	EndGlobalSection
	GlobalSection(SolutionProperties) = preSolution
		HideSolutionNode = FALSE
	EndGlobalSection
EndGlobal
